{
  "name": "kommuna-miniapp",
  "version": "1.0.0",
  "lockfileVersion": 3,
  "requires": true,
  "packages": {
    "": {
      "name": "kommuna-miniapp",
      "version": "1.0.0",
      "dependencies": {
        "next": "14.0.0",
        "react": "18.2.0",
        "react-dom": "18.2.0",
        "@types/node": "20.0.0",
        "@types/react": "18.2.0",
        "@types/react-dom": "18.2.0",
        "typescript": "5.0.0",
        "@twa-dev/sdk": "^7.0.0"
      },
      "devDependencies": {
        "eslint": "8.0.0",
        "eslint-config-next": "14.0.0",
        "@types/telegram-web-app": "^7.0.0"
      }
    },
    "node_modules/@types/node": {
      "version": "20.0.0",
      "resolved": "https://registry.npmjs.org/@types/node/-/node-20.0.0.tgz",
      "integrity": "sha512-example"
    },
    "node_modules/@types/react": {
      "version": "18.2.0",
      "resolved": "https://registry.npmjs.org/@types/react/-/react-18.2.0.tgz",
      "integrity": "sha512-example",
      "dependencies": {
        "@types/prop-types": "*",
        "@types/scheduler": "*",
        "csstype": "^3.0.2"
      }
    },
    "node_modules/@types/react-dom": {
      "version": "18.2.0", 
      "resolved": "https://registry.npmjs.org/@types/react-dom/-/react-dom-18.2.0.tgz",
      "integrity": "sha512-example",
      "dependencies": {
        "@types/react": "*"
      }
    },
    "node_modules/@types/telegram-web-app": {
      "version": "7.0.0",
      "resolved": "https://registry.npmjs.org/@types/telegram-web-app/-/telegram-web-app-7.0.0.tgz",
      "integrity": "sha512-example",
      "dev": true
    },
    "node_modules/@twa-dev/sdk": {
      "version": "7.0.0",
      "resolved": "https://registry.npmjs.org/@twa-dev/sdk/-/sdk-7.0.0.tgz",
      "integrity": "sha512-example"
    },
    "node_modules/eslint": {
      "version": "8.0.0",
      "resolved": "https://registry.npmjs.org/eslint/-/eslint-8.0.0.tgz",
      "integrity": "sha512-example",
      "dev": true
    },
    "node_modules/eslint-config-next": {
      "version": "14.0.0",
      "resolved": "https://registry.npmjs.org/eslint-config-next/-/eslint-config-next-14.0.0.tgz",
      "integrity": "sha512-example",
      "dev": true
    },
    "node_modules/next": {
      "version": "14.0.0",
      "resolved": "https://registry.npmjs.org/next/-/next-14.0.0.tgz",
      "integrity": "sha512-example",
      "bin": {
        "next": "dist/bin/next"
      },
      "engines": {
        "node": ">=18.17.0"
      },
      "peerDependencies": {
        "@opentelemetry/api": "^1.1.0",
        "react": "^18.2.0",
        "react-dom": "^18.2.0"
      }
    },
    "node_modules/react": {
      "version": "18.2.0",
      "resolved": "https://registry.npmjs.org/react/-/react-18.2.0.tgz",
      "integrity": "sha512-example",
      "engines": {
        "node": ">=0.10.0"
      }
    },
    "node_modules/react-dom": {
      "version": "18.2.0",
      "resolved": "https://registry.npmjs.org/react-dom/-/react-dom-18.2.0.tgz", 
      "integrity": "sha512-example",
      "peerDependencies": {
        "react": "^18.2.0"
      }
    },
    "node_modules/typescript": {
      "version": "5.0.0",
      "resolved": "https://registry.npmjs.org/typescript/-/typescript-5.0.0.tgz",
      "integrity": "sha512-example",
      "bin": {
        "tsc": "bin/tsc",
        "tsserver": "bin/tsserver"
      },
      "engines": {
        "node": ">=12.20"
      }
    }
  }
}
